nhooyr.io/websocket v1.8.10 h1:mv4p+MnGrLDcPlBoWsvPP7XCzTYMXP9F9eIGoKbgx7Q=
nhooyr.io/websocket v1.8.10/go.mod h1:rN9OFWIUwuxg4fR5tELlYC04bXYowCP9GX47ivo2l+c=
nhooyr.io/websocket v1.8.11 h1:f/qXNc2/3DpoSZkHt1DQu6rj4zGC8JmkkLkWss0MgN0=
nhooyr.io/websocket v1.8.11/go.mod h1:rN9OFWIUwuxg4fR5tELlYC04bXYowCP9GX47ivo2l+c=
